
Microsoft Visual Studio Solution File, Format Version 12.00
# Visual Studio 15
VisualStudioVersion = 15.0.27130.2036
MinimumVisualStudioVersion = 10.0.40219.1
Project("{FAE04EC0-301F-11D3-BF4B-00C04F79EFBC}") = "TVDiff", "TVTextDiff\TVDiff.csproj", "{2FD71EA6-7BC6-45A2-8D06-0220640F57E2}"
	ProjectSection(ProjectDependencies) = postProject
		{491BF9A0-F1A1-4BA7-9890-343F6CC7ED5C} = {491BF9A0-F1A1-4BA7-9890-343F6CC7ED5C}
	EndProjectSection
EndProject
Project("{FAE04EC0-301F-11D3-BF4B-00C04F79EFBC}") = "TrafficViewerUnitTest", "TrafficViewerUnitTest\TrafficViewerUnitTest.csproj", "{33BFB209-4D4A-4498-9BB2-2413B5479D85}"
EndProject
Project("{FAE04EC0-301F-11D3-BF4B-00C04F79EFBC}") = "TrafficViewerSDK", "TrafficViewerSDK\TrafficViewerSDK.csproj", "{491BF9A0-F1A1-4BA7-9890-343F6CC7ED5C}"
EndProject
Project("{FAE04EC0-301F-11D3-BF4B-00C04F79EFBC}") = "TrafficViewerControls", "TrafficViewerControls\TrafficViewerControls.csproj", "{3F5B071A-F166-4B66-A289-A3D50B6A94C6}"
EndProject
Project("{FAE04EC0-301F-11D3-BF4B-00C04F79EFBC}") = "Testing", "Testing\Testing.csproj", "{AD911156-BB4E-4218-84E9-99AF1F297975}"
EndProject
Project("{FAE04EC0-301F-11D3-BF4B-00C04F79EFBC}") = "RequestSender", "RequestSender\RequestSender.csproj", "{611E9E97-A30A-472E-AFFF-2421F98FFB2C}"
EndProject
Project("{2150E333-8FDC-42A3-9474-1A3956D46DE8}") = "Samples", "Samples", "{48D462AF-3733-48A9-B782-F914F866B212}"
EndProject
Project("{FAE04EC0-301F-11D3-BF4B-00C04F79EFBC}") = "SampleProxy", "Samples\SampleProxy\SampleProxy.csproj", "{9173EE3E-C13B-405D-A330-14FC6FD682F8}"
EndProject
Project("{FAE04EC0-301F-11D3-BF4B-00C04F79EFBC}") = "TestCustomAnalysisModule", "Samples\TestCustomAnalysisModule\TestCustomAnalysisModule.csproj", "{93B8D648-98D6-426E-A87C-BDDB5A9E0EA7}"
EndProject
Project("{FAE04EC0-301F-11D3-BF4B-00C04F79EFBC}") = "HttpUnitTest", "ManualExplorerUnitTest\HttpUnitTest.csproj", "{664E4E04-6C95-4CFB-89C7-D5A5F386E227}"
EndProject
Project("{FAE04EC0-301F-11D3-BF4B-00C04F79EFBC}") = "TVHtmlParser", "HtmlParser\TVHtmlParser.csproj", "{74F4B7AB-BB3A-41B1-A65C-A37563C95C82}"
EndProject
Project("{FAE04EC0-301F-11D3-BF4B-00C04F79EFBC}") = "CustomTestsUI", "CustomTestsUI\CustomTestsUI.csproj", "{DAF8A874-7EB7-4BE9-A1A7-D5E8D9FFB00F}"
EndProject
Project("{FAE04EC0-301F-11D3-BF4B-00C04F79EFBC}") = "CommonControls", "CommonControls\CommonControls.csproj", "{4B474AC1-451B-4FF0-9F90-96706A604F36}"
EndProject
Project("{FAE04EC0-301F-11D3-BF4B-00C04F79EFBC}") = "TrafficViewerInstance", "TrafficViewerInstance\TrafficViewerInstance.csproj", "{EA3BB4C6-6153-4380-89C3-A1FF4666B470}"
EndProject
Project("{FAE04EC0-301F-11D3-BF4B-00C04F79EFBC}") = "TrafficServer", "TrafficServer\TrafficServer.csproj", "{DD9D3557-5BD1-41B6-9BB9-BAA352FB8319}"
EndProject
Project("{FAE04EC0-301F-11D3-BF4B-00C04F79EFBC}") = "ASMRest", "ASMRest\ASMRest.csproj", "{D6F1CC1E-AF1B-40A4-A7F3-567C12BB01D5}"
EndProject
Project("{FAE04EC0-301F-11D3-BF4B-00C04F79EFBC}") = "HttpBlackOps", "HttpBlackOps\HttpBlackOps.csproj", "{983889BB-D5E9-406C-B12A-D761AD8EFB17}"
EndProject
Project("{FAE04EC0-301F-11D3-BF4B-00C04F79EFBC}") = "Har2Exd", "Har2Exd\Har2Exd.csproj", "{16C4D34D-21E6-470A-A442-C11E87FCEAB7}"
EndProject
Project("{FAE04EC0-301F-11D3-BF4B-00C04F79EFBC}") = "HarSharp", "HarSharp\HarSharp.csproj", "{682CD129-204F-47F9-8EA4-472BB517DAEC}"
EndProject
Global
	GlobalSection(SolutionConfigurationPlatforms) = preSolution
		Debug|Any CPU = Debug|Any CPU
		Debug|Mixed Platforms = Debug|Mixed Platforms
		Debug|x86 = Debug|x86
		Package|Any CPU = Package|Any CPU
		Package|Mixed Platforms = Package|Mixed Platforms
		Package|x86 = Package|x86
		Release|Any CPU = Release|Any CPU
		Release|Mixed Platforms = Release|Mixed Platforms
		Release|x86 = Release|x86
	EndGlobalSection
	GlobalSection(ProjectConfigurationPlatforms) = postSolution
		{2FD71EA6-7BC6-45A2-8D06-0220640F57E2}.Debug|Any CPU.ActiveCfg = Debug|Any CPU
		{2FD71EA6-7BC6-45A2-8D06-0220640F57E2}.Debug|Any CPU.Build.0 = Debug|Any CPU
		{2FD71EA6-7BC6-45A2-8D06-0220640F57E2}.Debug|Mixed Platforms.ActiveCfg = Debug|Any CPU
		{2FD71EA6-7BC6-45A2-8D06-0220640F57E2}.Debug|Mixed Platforms.Build.0 = Debug|Any CPU
		{2FD71EA6-7BC6-45A2-8D06-0220640F57E2}.Debug|x86.ActiveCfg = Debug|Any CPU
		{2FD71EA6-7BC6-45A2-8D06-0220640F57E2}.Debug|x86.Build.0 = Debug|Any CPU
		{2FD71EA6-7BC6-45A2-8D06-0220640F57E2}.Package|Any CPU.ActiveCfg = Package|Any CPU
		{2FD71EA6-7BC6-45A2-8D06-0220640F57E2}.Package|Any CPU.Build.0 = Package|Any CPU
		{2FD71EA6-7BC6-45A2-8D06-0220640F57E2}.Package|Mixed Platforms.ActiveCfg = Package|Any CPU
		{2FD71EA6-7BC6-45A2-8D06-0220640F57E2}.Package|Mixed Platforms.Build.0 = Package|Any CPU
		{2FD71EA6-7BC6-45A2-8D06-0220640F57E2}.Package|x86.ActiveCfg = Package|Any CPU
		{2FD71EA6-7BC6-45A2-8D06-0220640F57E2}.Package|x86.Build.0 = Package|Any CPU
		{2FD71EA6-7BC6-45A2-8D06-0220640F57E2}.Release|Any CPU.ActiveCfg = Release|Any CPU
		{2FD71EA6-7BC6-45A2-8D06-0220640F57E2}.Release|Any CPU.Build.0 = Release|Any CPU
		{2FD71EA6-7BC6-45A2-8D06-0220640F57E2}.Release|Mixed Platforms.ActiveCfg = Release|Any CPU
		{2FD71EA6-7BC6-45A2-8D06-0220640F57E2}.Release|Mixed Platforms.Build.0 = Release|Any CPU
		{2FD71EA6-7BC6-45A2-8D06-0220640F57E2}.Release|x86.ActiveCfg = Release|Any CPU
		{33BFB209-4D4A-4498-9BB2-2413B5479D85}.Debug|Any CPU.ActiveCfg = Debug|Any CPU
		{33BFB209-4D4A-4498-9BB2-2413B5479D85}.Debug|Any CPU.Build.0 = Debug|Any CPU
		{33BFB209-4D4A-4498-9BB2-2413B5479D85}.Debug|Mixed Platforms.ActiveCfg = Debug|Any CPU
		{33BFB209-4D4A-4498-9BB2-2413B5479D85}.Debug|Mixed Platforms.Build.0 = Debug|Any CPU
		{33BFB209-4D4A-4498-9BB2-2413B5479D85}.Debug|x86.ActiveCfg = Debug|Any CPU
		{33BFB209-4D4A-4498-9BB2-2413B5479D85}.Debug|x86.Build.0 = Debug|Any CPU
		{33BFB209-4D4A-4498-9BB2-2413B5479D85}.Package|Any CPU.ActiveCfg = Package|Any CPU
		{33BFB209-4D4A-4498-9BB2-2413B5479D85}.Package|Any CPU.Build.0 = Package|Any CPU
		{33BFB209-4D4A-4498-9BB2-2413B5479D85}.Package|Mixed Platforms.ActiveCfg = Package|Any CPU
		{33BFB209-4D4A-4498-9BB2-2413B5479D85}.Package|Mixed Platforms.Build.0 = Package|Any CPU
		{33BFB209-4D4A-4498-9BB2-2413B5479D85}.Package|x86.ActiveCfg = Package|Any CPU
		{33BFB209-4D4A-4498-9BB2-2413B5479D85}.Package|x86.Build.0 = Package|Any CPU
		{33BFB209-4D4A-4498-9BB2-2413B5479D85}.Release|Any CPU.ActiveCfg = Release|Any CPU
		{33BFB209-4D4A-4498-9BB2-2413B5479D85}.Release|Any CPU.Build.0 = Release|Any CPU
		{33BFB209-4D4A-4498-9BB2-2413B5479D85}.Release|Mixed Platforms.ActiveCfg = Release|Any CPU
		{33BFB209-4D4A-4498-9BB2-2413B5479D85}.Release|Mixed Platforms.Build.0 = Release|Any CPU
		{33BFB209-4D4A-4498-9BB2-2413B5479D85}.Release|x86.ActiveCfg = Release|Any CPU
		{491BF9A0-F1A1-4BA7-9890-343F6CC7ED5C}.Debug|Any CPU.ActiveCfg = Debug|Any CPU
		{491BF9A0-F1A1-4BA7-9890-343F6CC7ED5C}.Debug|Any CPU.Build.0 = Debug|Any CPU
		{491BF9A0-F1A1-4BA7-9890-343F6CC7ED5C}.Debug|Mixed Platforms.ActiveCfg = Debug|Any CPU
		{491BF9A0-F1A1-4BA7-9890-343F6CC7ED5C}.Debug|Mixed Platforms.Build.0 = Debug|Any CPU
		{491BF9A0-F1A1-4BA7-9890-343F6CC7ED5C}.Debug|x86.ActiveCfg = Debug|x86
		{491BF9A0-F1A1-4BA7-9890-343F6CC7ED5C}.Debug|x86.Build.0 = Debug|x86
		{491BF9A0-F1A1-4BA7-9890-343F6CC7ED5C}.Package|Any CPU.ActiveCfg = Package|Any CPU
		{491BF9A0-F1A1-4BA7-9890-343F6CC7ED5C}.Package|Any CPU.Build.0 = Package|Any CPU
		{491BF9A0-F1A1-4BA7-9890-343F6CC7ED5C}.Package|Mixed Platforms.ActiveCfg = Package|x86
		{491BF9A0-F1A1-4BA7-9890-343F6CC7ED5C}.Package|Mixed Platforms.Build.0 = Package|x86
		{491BF9A0-F1A1-4BA7-9890-343F6CC7ED5C}.Package|x86.ActiveCfg = Package|x86
		{491BF9A0-F1A1-4BA7-9890-343F6CC7ED5C}.Package|x86.Build.0 = Package|x86
		{491BF9A0-F1A1-4BA7-9890-343F6CC7ED5C}.Release|Any CPU.ActiveCfg = Release|Any CPU
		{491BF9A0-F1A1-4BA7-9890-343F6CC7ED5C}.Release|Any CPU.Build.0 = Release|Any CPU
		{491BF9A0-F1A1-4BA7-9890-343F6CC7ED5C}.Release|Mixed Platforms.ActiveCfg = Release|x86
		{491BF9A0-F1A1-4BA7-9890-343F6CC7ED5C}.Release|Mixed Platforms.Build.0 = Release|x86
		{491BF9A0-F1A1-4BA7-9890-343F6CC7ED5C}.Release|x86.ActiveCfg = Release|x86
		{491BF9A0-F1A1-4BA7-9890-343F6CC7ED5C}.Release|x86.Build.0 = Release|x86
		{3F5B071A-F166-4B66-A289-A3D50B6A94C6}.Debug|Any CPU.ActiveCfg = Debug|Any CPU
		{3F5B071A-F166-4B66-A289-A3D50B6A94C6}.Debug|Any CPU.Build.0 = Debug|Any CPU
		{3F5B071A-F166-4B66-A289-A3D50B6A94C6}.Debug|Mixed Platforms.ActiveCfg = Debug|Any CPU
		{3F5B071A-F166-4B66-A289-A3D50B6A94C6}.Debug|Mixed Platforms.Build.0 = Debug|Any CPU
		{3F5B071A-F166-4B66-A289-A3D50B6A94C6}.Debug|x86.ActiveCfg = Debug|Any CPU
		{3F5B071A-F166-4B66-A289-A3D50B6A94C6}.Debug|x86.Build.0 = Debug|Any CPU
		{3F5B071A-F166-4B66-A289-A3D50B6A94C6}.Package|Any CPU.ActiveCfg = Package|Any CPU
		{3F5B071A-F166-4B66-A289-A3D50B6A94C6}.Package|Any CPU.Build.0 = Package|Any CPU
		{3F5B071A-F166-4B66-A289-A3D50B6A94C6}.Package|Mixed Platforms.ActiveCfg = Package|Any CPU
		{3F5B071A-F166-4B66-A289-A3D50B6A94C6}.Package|Mixed Platforms.Build.0 = Package|Any CPU
		{3F5B071A-F166-4B66-A289-A3D50B6A94C6}.Package|x86.ActiveCfg = Package|Any CPU
		{3F5B071A-F166-4B66-A289-A3D50B6A94C6}.Package|x86.Build.0 = Package|Any CPU
		{3F5B071A-F166-4B66-A289-A3D50B6A94C6}.Release|Any CPU.ActiveCfg = Release|Any CPU
		{3F5B071A-F166-4B66-A289-A3D50B6A94C6}.Release|Any CPU.Build.0 = Release|Any CPU
		{3F5B071A-F166-4B66-A289-A3D50B6A94C6}.Release|Mixed Platforms.ActiveCfg = Release|Any CPU
		{3F5B071A-F166-4B66-A289-A3D50B6A94C6}.Release|Mixed Platforms.Build.0 = Release|Any CPU
		{3F5B071A-F166-4B66-A289-A3D50B6A94C6}.Release|x86.ActiveCfg = Release|Any CPU
		{AD911156-BB4E-4218-84E9-99AF1F297975}.Debug|Any CPU.ActiveCfg = Debug|Any CPU
		{AD911156-BB4E-4218-84E9-99AF1F297975}.Debug|Any CPU.Build.0 = Debug|Any CPU
		{AD911156-BB4E-4218-84E9-99AF1F297975}.Debug|Mixed Platforms.ActiveCfg = Debug|Any CPU
		{AD911156-BB4E-4218-84E9-99AF1F297975}.Debug|Mixed Platforms.Build.0 = Debug|Any CPU
		{AD911156-BB4E-4218-84E9-99AF1F297975}.Debug|x86.ActiveCfg = Debug|Any CPU
		{AD911156-BB4E-4218-84E9-99AF1F297975}.Debug|x86.Build.0 = Debug|Any CPU
		{AD911156-BB4E-4218-84E9-99AF1F297975}.Package|Any CPU.ActiveCfg = Package|Any CPU
		{AD911156-BB4E-4218-84E9-99AF1F297975}.Package|Any CPU.Build.0 = Package|Any CPU
		{AD911156-BB4E-4218-84E9-99AF1F297975}.Package|Mixed Platforms.ActiveCfg = Package|Any CPU
		{AD911156-BB4E-4218-84E9-99AF1F297975}.Package|Mixed Platforms.Build.0 = Package|Any CPU
		{AD911156-BB4E-4218-84E9-99AF1F297975}.Package|x86.ActiveCfg = Package|Any CPU
		{AD911156-BB4E-4218-84E9-99AF1F297975}.Package|x86.Build.0 = Package|Any CPU
		{AD911156-BB4E-4218-84E9-99AF1F297975}.Release|Any CPU.ActiveCfg = Release|Any CPU
		{AD911156-BB4E-4218-84E9-99AF1F297975}.Release|Any CPU.Build.0 = Release|Any CPU
		{AD911156-BB4E-4218-84E9-99AF1F297975}.Release|Mixed Platforms.ActiveCfg = Release|Any CPU
		{AD911156-BB4E-4218-84E9-99AF1F297975}.Release|Mixed Platforms.Build.0 = Release|Any CPU
		{AD911156-BB4E-4218-84E9-99AF1F297975}.Release|x86.ActiveCfg = Release|Any CPU
		{611E9E97-A30A-472E-AFFF-2421F98FFB2C}.Debug|Any CPU.ActiveCfg = Debug|Any CPU
		{611E9E97-A30A-472E-AFFF-2421F98FFB2C}.Debug|Any CPU.Build.0 = Debug|Any CPU
		{611E9E97-A30A-472E-AFFF-2421F98FFB2C}.Debug|Mixed Platforms.ActiveCfg = Debug|Any CPU
		{611E9E97-A30A-472E-AFFF-2421F98FFB2C}.Debug|Mixed Platforms.Build.0 = Debug|Any CPU
		{611E9E97-A30A-472E-AFFF-2421F98FFB2C}.Debug|x86.ActiveCfg = Debug|Any CPU
		{611E9E97-A30A-472E-AFFF-2421F98FFB2C}.Debug|x86.Build.0 = Debug|Any CPU
		{611E9E97-A30A-472E-AFFF-2421F98FFB2C}.Package|Any CPU.ActiveCfg = Package|Any CPU
		{611E9E97-A30A-472E-AFFF-2421F98FFB2C}.Package|Any CPU.Build.0 = Package|Any CPU
		{611E9E97-A30A-472E-AFFF-2421F98FFB2C}.Package|Mixed Platforms.ActiveCfg = Package|Any CPU
		{611E9E97-A30A-472E-AFFF-2421F98FFB2C}.Package|Mixed Platforms.Build.0 = Package|Any CPU
		{611E9E97-A30A-472E-AFFF-2421F98FFB2C}.Package|x86.ActiveCfg = Package|Any CPU
		{611E9E97-A30A-472E-AFFF-2421F98FFB2C}.Package|x86.Build.0 = Package|Any CPU
		{611E9E97-A30A-472E-AFFF-2421F98FFB2C}.Release|Any CPU.ActiveCfg = Release|Any CPU
		{611E9E97-A30A-472E-AFFF-2421F98FFB2C}.Release|Any CPU.Build.0 = Release|Any CPU
		{611E9E97-A30A-472E-AFFF-2421F98FFB2C}.Release|Mixed Platforms.ActiveCfg = Release|Any CPU
		{611E9E97-A30A-472E-AFFF-2421F98FFB2C}.Release|Mixed Platforms.Build.0 = Release|Any CPU
		{611E9E97-A30A-472E-AFFF-2421F98FFB2C}.Release|x86.ActiveCfg = Release|Any CPU
		{9173EE3E-C13B-405D-A330-14FC6FD682F8}.Debug|Any CPU.ActiveCfg = Debug|Any CPU
		{9173EE3E-C13B-405D-A330-14FC6FD682F8}.Debug|Any CPU.Build.0 = Debug|Any CPU
		{9173EE3E-C13B-405D-A330-14FC6FD682F8}.Debug|Mixed Platforms.ActiveCfg = Debug|Any CPU
		{9173EE3E-C13B-405D-A330-14FC6FD682F8}.Debug|Mixed Platforms.Build.0 = Debug|Any CPU
		{9173EE3E-C13B-405D-A330-14FC6FD682F8}.Debug|x86.ActiveCfg = Debug|Any CPU
		{9173EE3E-C13B-405D-A330-14FC6FD682F8}.Debug|x86.Build.0 = Debug|Any CPU
		{9173EE3E-C13B-405D-A330-14FC6FD682F8}.Package|Any CPU.ActiveCfg = Package|Any CPU
		{9173EE3E-C13B-405D-A330-14FC6FD682F8}.Package|Any CPU.Build.0 = Package|Any CPU
		{9173EE3E-C13B-405D-A330-14FC6FD682F8}.Package|Mixed Platforms.ActiveCfg = Package|Any CPU
		{9173EE3E-C13B-405D-A330-14FC6FD682F8}.Package|Mixed Platforms.Build.0 = Package|Any CPU
		{9173EE3E-C13B-405D-A330-14FC6FD682F8}.Package|x86.ActiveCfg = Package|Any CPU
		{9173EE3E-C13B-405D-A330-14FC6FD682F8}.Package|x86.Build.0 = Package|Any CPU
		{9173EE3E-C13B-405D-A330-14FC6FD682F8}.Release|Any CPU.ActiveCfg = Release|Any CPU
		{9173EE3E-C13B-405D-A330-14FC6FD682F8}.Release|Any CPU.Build.0 = Release|Any CPU
		{9173EE3E-C13B-405D-A330-14FC6FD682F8}.Release|Mixed Platforms.ActiveCfg = Release|Any CPU
		{9173EE3E-C13B-405D-A330-14FC6FD682F8}.Release|Mixed Platforms.Build.0 = Release|Any CPU
		{9173EE3E-C13B-405D-A330-14FC6FD682F8}.Release|x86.ActiveCfg = Release|Any CPU
		{93B8D648-98D6-426E-A87C-BDDB5A9E0EA7}.Debug|Any CPU.ActiveCfg = Debug|Any CPU
		{93B8D648-98D6-426E-A87C-BDDB5A9E0EA7}.Debug|Any CPU.Build.0 = Debug|Any CPU
		{93B8D648-98D6-426E-A87C-BDDB5A9E0EA7}.Debug|Mixed Platforms.ActiveCfg = Debug|Any CPU
		{93B8D648-98D6-426E-A87C-BDDB5A9E0EA7}.Debug|Mixed Platforms.Build.0 = Debug|Any CPU
		{93B8D648-98D6-426E-A87C-BDDB5A9E0EA7}.Debug|x86.ActiveCfg = Debug|Any CPU
		{93B8D648-98D6-426E-A87C-BDDB5A9E0EA7}.Debug|x86.Build.0 = Debug|Any CPU
		{93B8D648-98D6-426E-A87C-BDDB5A9E0EA7}.Package|Any CPU.ActiveCfg = Package|Any CPU
		{93B8D648-98D6-426E-A87C-BDDB5A9E0EA7}.Package|Any CPU.Build.0 = Package|Any CPU
		{93B8D648-98D6-426E-A87C-BDDB5A9E0EA7}.Package|Mixed Platforms.ActiveCfg = Package|Any CPU
		{93B8D648-98D6-426E-A87C-BDDB5A9E0EA7}.Package|Mixed Platforms.Build.0 = Package|Any CPU
		{93B8D648-98D6-426E-A87C-BDDB5A9E0EA7}.Package|x86.ActiveCfg = Package|Any CPU
		{93B8D648-98D6-426E-A87C-BDDB5A9E0EA7}.Package|x86.Build.0 = Package|Any CPU
		{93B8D648-98D6-426E-A87C-BDDB5A9E0EA7}.Release|Any CPU.ActiveCfg = Release|Any CPU
		{93B8D648-98D6-426E-A87C-BDDB5A9E0EA7}.Release|Any CPU.Build.0 = Release|Any CPU
		{93B8D648-98D6-426E-A87C-BDDB5A9E0EA7}.Release|Mixed Platforms.ActiveCfg = Release|Any CPU
		{93B8D648-98D6-426E-A87C-BDDB5A9E0EA7}.Release|Mixed Platforms.Build.0 = Release|Any CPU
		{93B8D648-98D6-426E-A87C-BDDB5A9E0EA7}.Release|x86.ActiveCfg = Release|Any CPU
		{664E4E04-6C95-4CFB-89C7-D5A5F386E227}.Debug|Any CPU.ActiveCfg = Debug|x86
		{664E4E04-6C95-4CFB-89C7-D5A5F386E227}.Debug|Any CPU.Build.0 = Debug|x86
		{664E4E04-6C95-4CFB-89C7-D5A5F386E227}.Debug|Mixed Platforms.ActiveCfg = Debug|x86
		{664E4E04-6C95-4CFB-89C7-D5A5F386E227}.Debug|Mixed Platforms.Build.0 = Debug|x86
		{664E4E04-6C95-4CFB-89C7-D5A5F386E227}.Debug|x86.ActiveCfg = Debug|x86
		{664E4E04-6C95-4CFB-89C7-D5A5F386E227}.Debug|x86.Build.0 = Debug|x86
		{664E4E04-6C95-4CFB-89C7-D5A5F386E227}.Package|Any CPU.ActiveCfg = Package|x86
		{664E4E04-6C95-4CFB-89C7-D5A5F386E227}.Package|Mixed Platforms.ActiveCfg = Package|x86
		{664E4E04-6C95-4CFB-89C7-D5A5F386E227}.Package|Mixed Platforms.Build.0 = Package|x86
		{664E4E04-6C95-4CFB-89C7-D5A5F386E227}.Package|x86.ActiveCfg = Package|x86
		{664E4E04-6C95-4CFB-89C7-D5A5F386E227}.Package|x86.Build.0 = Package|x86
		{664E4E04-6C95-4CFB-89C7-D5A5F386E227}.Package|x86.Deploy.0 = Package|x86
		{664E4E04-6C95-4CFB-89C7-D5A5F386E227}.Release|Any CPU.ActiveCfg = Release|x86
		{664E4E04-6C95-4CFB-89C7-D5A5F386E227}.Release|Mixed Platforms.ActiveCfg = Release|x86
		{664E4E04-6C95-4CFB-89C7-D5A5F386E227}.Release|Mixed Platforms.Build.0 = Release|x86
		{664E4E04-6C95-4CFB-89C7-D5A5F386E227}.Release|x86.ActiveCfg = Release|x86
		{664E4E04-6C95-4CFB-89C7-D5A5F386E227}.Release|x86.Build.0 = Release|x86
		{74F4B7AB-BB3A-41B1-A65C-A37563C95C82}.Debug|Any CPU.ActiveCfg = Debug|Any CPU
		{74F4B7AB-BB3A-41B1-A65C-A37563C95C82}.Debug|Any CPU.Build.0 = Debug|Any CPU
		{74F4B7AB-BB3A-41B1-A65C-A37563C95C82}.Debug|Mixed Platforms.ActiveCfg = Debug|Any CPU
		{74F4B7AB-BB3A-41B1-A65C-A37563C95C82}.Debug|Mixed Platforms.Build.0 = Debug|Any CPU
		{74F4B7AB-BB3A-41B1-A65C-A37563C95C82}.Debug|x86.ActiveCfg = Debug|x86
		{74F4B7AB-BB3A-41B1-A65C-A37563C95C82}.Debug|x86.Build.0 = Debug|x86
		{74F4B7AB-BB3A-41B1-A65C-A37563C95C82}.Package|Any CPU.ActiveCfg = Package|Any CPU
		{74F4B7AB-BB3A-41B1-A65C-A37563C95C82}.Package|Any CPU.Build.0 = Package|Any CPU
		{74F4B7AB-BB3A-41B1-A65C-A37563C95C82}.Package|Mixed Platforms.ActiveCfg = Package|x86
		{74F4B7AB-BB3A-41B1-A65C-A37563C95C82}.Package|Mixed Platforms.Build.0 = Package|x86
		{74F4B7AB-BB3A-41B1-A65C-A37563C95C82}.Package|x86.ActiveCfg = Package|x86
		{74F4B7AB-BB3A-41B1-A65C-A37563C95C82}.Package|x86.Build.0 = Package|x86
		{74F4B7AB-BB3A-41B1-A65C-A37563C95C82}.Release|Any CPU.ActiveCfg = Release|Any CPU
		{74F4B7AB-BB3A-41B1-A65C-A37563C95C82}.Release|Any CPU.Build.0 = Release|Any CPU
		{74F4B7AB-BB3A-41B1-A65C-A37563C95C82}.Release|Mixed Platforms.ActiveCfg = Release|x86
		{74F4B7AB-BB3A-41B1-A65C-A37563C95C82}.Release|Mixed Platforms.Build.0 = Release|x86
		{74F4B7AB-BB3A-41B1-A65C-A37563C95C82}.Release|x86.ActiveCfg = Release|x86
		{74F4B7AB-BB3A-41B1-A65C-A37563C95C82}.Release|x86.Build.0 = Release|x86
		{DAF8A874-7EB7-4BE9-A1A7-D5E8D9FFB00F}.Debug|Any CPU.ActiveCfg = Debug|Any CPU
		{DAF8A874-7EB7-4BE9-A1A7-D5E8D9FFB00F}.Debug|Any CPU.Build.0 = Debug|Any CPU
		{DAF8A874-7EB7-4BE9-A1A7-D5E8D9FFB00F}.Debug|Mixed Platforms.ActiveCfg = Debug|Any CPU
		{DAF8A874-7EB7-4BE9-A1A7-D5E8D9FFB00F}.Debug|Mixed Platforms.Build.0 = Debug|Any CPU
		{DAF8A874-7EB7-4BE9-A1A7-D5E8D9FFB00F}.Debug|x86.ActiveCfg = Debug|Any CPU
		{DAF8A874-7EB7-4BE9-A1A7-D5E8D9FFB00F}.Debug|x86.Build.0 = Debug|Any CPU
		{DAF8A874-7EB7-4BE9-A1A7-D5E8D9FFB00F}.Package|Any CPU.ActiveCfg = Package|Any CPU
		{DAF8A874-7EB7-4BE9-A1A7-D5E8D9FFB00F}.Package|Any CPU.Build.0 = Package|Any CPU
		{DAF8A874-7EB7-4BE9-A1A7-D5E8D9FFB00F}.Package|Mixed Platforms.ActiveCfg = Package|Any CPU
		{DAF8A874-7EB7-4BE9-A1A7-D5E8D9FFB00F}.Package|Mixed Platforms.Build.0 = Package|Any CPU
		{DAF8A874-7EB7-4BE9-A1A7-D5E8D9FFB00F}.Package|x86.ActiveCfg = Package|Any CPU
		{DAF8A874-7EB7-4BE9-A1A7-D5E8D9FFB00F}.Package|x86.Build.0 = Package|Any CPU
		{DAF8A874-7EB7-4BE9-A1A7-D5E8D9FFB00F}.Release|Any CPU.ActiveCfg = Release|Any CPU
		{DAF8A874-7EB7-4BE9-A1A7-D5E8D9FFB00F}.Release|Any CPU.Build.0 = Release|Any CPU
		{DAF8A874-7EB7-4BE9-A1A7-D5E8D9FFB00F}.Release|Mixed Platforms.ActiveCfg = Release|Any CPU
		{DAF8A874-7EB7-4BE9-A1A7-D5E8D9FFB00F}.Release|Mixed Platforms.Build.0 = Release|Any CPU
		{DAF8A874-7EB7-4BE9-A1A7-D5E8D9FFB00F}.Release|x86.ActiveCfg = Release|Any CPU
		{4B474AC1-451B-4FF0-9F90-96706A604F36}.Debug|Any CPU.ActiveCfg = Debug|Any CPU
		{4B474AC1-451B-4FF0-9F90-96706A604F36}.Debug|Any CPU.Build.0 = Debug|Any CPU
		{4B474AC1-451B-4FF0-9F90-96706A604F36}.Debug|Mixed Platforms.ActiveCfg = Debug|Any CPU
		{4B474AC1-451B-4FF0-9F90-96706A604F36}.Debug|Mixed Platforms.Build.0 = Debug|Any CPU
		{4B474AC1-451B-4FF0-9F90-96706A604F36}.Debug|x86.ActiveCfg = Debug|Any CPU
		{4B474AC1-451B-4FF0-9F90-96706A604F36}.Debug|x86.Build.0 = Debug|Any CPU
		{4B474AC1-451B-4FF0-9F90-96706A604F36}.Package|Any CPU.ActiveCfg = Package|Any CPU
		{4B474AC1-451B-4FF0-9F90-96706A604F36}.Package|Any CPU.Build.0 = Package|Any CPU
		{4B474AC1-451B-4FF0-9F90-96706A604F36}.Package|Mixed Platforms.ActiveCfg = Package|Any CPU
		{4B474AC1-451B-4FF0-9F90-96706A604F36}.Package|Mixed Platforms.Build.0 = Package|Any CPU
		{4B474AC1-451B-4FF0-9F90-96706A604F36}.Package|Mixed Platforms.Deploy.0 = Package|Any CPU
		{4B474AC1-451B-4FF0-9F90-96706A604F36}.Package|x86.ActiveCfg = Package|Any CPU
		{4B474AC1-451B-4FF0-9F90-96706A604F36}.Package|x86.Build.0 = Package|Any CPU
		{4B474AC1-451B-4FF0-9F90-96706A604F36}.Release|Any CPU.ActiveCfg = Release|Any CPU
		{4B474AC1-451B-4FF0-9F90-96706A604F36}.Release|Any CPU.Build.0 = Release|Any CPU
		{4B474AC1-451B-4FF0-9F90-96706A604F36}.Release|Mixed Platforms.ActiveCfg = Release|Any CPU
		{4B474AC1-451B-4FF0-9F90-96706A604F36}.Release|Mixed Platforms.Build.0 = Release|Any CPU
		{4B474AC1-451B-4FF0-9F90-96706A604F36}.Release|x86.ActiveCfg = Release|Any CPU
		{EA3BB4C6-6153-4380-89C3-A1FF4666B470}.Debug|Any CPU.ActiveCfg = Debug|Any CPU
		{EA3BB4C6-6153-4380-89C3-A1FF4666B470}.Debug|Any CPU.Build.0 = Debug|Any CPU
		{EA3BB4C6-6153-4380-89C3-A1FF4666B470}.Debug|Mixed Platforms.ActiveCfg = Debug|Any CPU
		{EA3BB4C6-6153-4380-89C3-A1FF4666B470}.Debug|Mixed Platforms.Build.0 = Debug|Any CPU
		{EA3BB4C6-6153-4380-89C3-A1FF4666B470}.Debug|x86.ActiveCfg = Debug|Any CPU
		{EA3BB4C6-6153-4380-89C3-A1FF4666B470}.Debug|x86.Build.0 = Debug|Any CPU
		{EA3BB4C6-6153-4380-89C3-A1FF4666B470}.Package|Any CPU.ActiveCfg = Package|Any CPU
		{EA3BB4C6-6153-4380-89C3-A1FF4666B470}.Package|Any CPU.Build.0 = Package|Any CPU
		{EA3BB4C6-6153-4380-89C3-A1FF4666B470}.Package|Mixed Platforms.ActiveCfg = Package|Any CPU
		{EA3BB4C6-6153-4380-89C3-A1FF4666B470}.Package|Mixed Platforms.Build.0 = Package|Any CPU
		{EA3BB4C6-6153-4380-89C3-A1FF4666B470}.Package|x86.ActiveCfg = Package|Any CPU
		{EA3BB4C6-6153-4380-89C3-A1FF4666B470}.Package|x86.Build.0 = Package|Any CPU
		{EA3BB4C6-6153-4380-89C3-A1FF4666B470}.Release|Any CPU.ActiveCfg = Release|Any CPU
		{EA3BB4C6-6153-4380-89C3-A1FF4666B470}.Release|Any CPU.Build.0 = Release|Any CPU
		{EA3BB4C6-6153-4380-89C3-A1FF4666B470}.Release|Mixed Platforms.ActiveCfg = Release|Any CPU
		{EA3BB4C6-6153-4380-89C3-A1FF4666B470}.Release|Mixed Platforms.Build.0 = Release|Any CPU
		{EA3BB4C6-6153-4380-89C3-A1FF4666B470}.Release|x86.ActiveCfg = Release|Any CPU
		{DD9D3557-5BD1-41B6-9BB9-BAA352FB8319}.Debug|Any CPU.ActiveCfg = Debug|Any CPU
		{DD9D3557-5BD1-41B6-9BB9-BAA352FB8319}.Debug|Any CPU.Build.0 = Debug|Any CPU
		{DD9D3557-5BD1-41B6-9BB9-BAA352FB8319}.Debug|Mixed Platforms.ActiveCfg = Debug|Any CPU
		{DD9D3557-5BD1-41B6-9BB9-BAA352FB8319}.Debug|Mixed Platforms.Build.0 = Debug|Any CPU
		{DD9D3557-5BD1-41B6-9BB9-BAA352FB8319}.Debug|x86.ActiveCfg = Debug|x86
		{DD9D3557-5BD1-41B6-9BB9-BAA352FB8319}.Debug|x86.Build.0 = Debug|x86
		{DD9D3557-5BD1-41B6-9BB9-BAA352FB8319}.Package|Any CPU.ActiveCfg = Package|Any CPU
		{DD9D3557-5BD1-41B6-9BB9-BAA352FB8319}.Package|Any CPU.Build.0 = Package|Any CPU
		{DD9D3557-5BD1-41B6-9BB9-BAA352FB8319}.Package|Mixed Platforms.ActiveCfg = Package|x86
		{DD9D3557-5BD1-41B6-9BB9-BAA352FB8319}.Package|Mixed Platforms.Build.0 = Package|x86
		{DD9D3557-5BD1-41B6-9BB9-BAA352FB8319}.Package|x86.ActiveCfg = Package|x86
		{DD9D3557-5BD1-41B6-9BB9-BAA352FB8319}.Package|x86.Build.0 = Package|x86
		{DD9D3557-5BD1-41B6-9BB9-BAA352FB8319}.Release|Any CPU.ActiveCfg = Release|Any CPU
		{DD9D3557-5BD1-41B6-9BB9-BAA352FB8319}.Release|Any CPU.Build.0 = Release|Any CPU
		{DD9D3557-5BD1-41B6-9BB9-BAA352FB8319}.Release|Mixed Platforms.ActiveCfg = Release|x86
		{DD9D3557-5BD1-41B6-9BB9-BAA352FB8319}.Release|Mixed Platforms.Build.0 = Release|x86
		{DD9D3557-5BD1-41B6-9BB9-BAA352FB8319}.Release|x86.ActiveCfg = Release|x86
		{DD9D3557-5BD1-41B6-9BB9-BAA352FB8319}.Release|x86.Build.0 = Release|x86
		{D6F1CC1E-AF1B-40A4-A7F3-567C12BB01D5}.Debug|Any CPU.ActiveCfg = Debug|Any CPU
		{D6F1CC1E-AF1B-40A4-A7F3-567C12BB01D5}.Debug|Any CPU.Build.0 = Debug|Any CPU
		{D6F1CC1E-AF1B-40A4-A7F3-567C12BB01D5}.Debug|Mixed Platforms.ActiveCfg = Debug|Any CPU
		{D6F1CC1E-AF1B-40A4-A7F3-567C12BB01D5}.Debug|Mixed Platforms.Build.0 = Debug|Any CPU
		{D6F1CC1E-AF1B-40A4-A7F3-567C12BB01D5}.Debug|x86.ActiveCfg = Debug|Any CPU
		{D6F1CC1E-AF1B-40A4-A7F3-567C12BB01D5}.Debug|x86.Build.0 = Debug|Any CPU
		{D6F1CC1E-AF1B-40A4-A7F3-567C12BB01D5}.Package|Any CPU.ActiveCfg = Package|Any CPU
		{D6F1CC1E-AF1B-40A4-A7F3-567C12BB01D5}.Package|Any CPU.Build.0 = Package|Any CPU
		{D6F1CC1E-AF1B-40A4-A7F3-567C12BB01D5}.Package|Mixed Platforms.ActiveCfg = Package|Any CPU
		{D6F1CC1E-AF1B-40A4-A7F3-567C12BB01D5}.Package|Mixed Platforms.Build.0 = Package|Any CPU
		{D6F1CC1E-AF1B-40A4-A7F3-567C12BB01D5}.Package|x86.ActiveCfg = Package|Any CPU
		{D6F1CC1E-AF1B-40A4-A7F3-567C12BB01D5}.Package|x86.Build.0 = Package|Any CPU
		{D6F1CC1E-AF1B-40A4-A7F3-567C12BB01D5}.Release|Any CPU.ActiveCfg = Release|Any CPU
		{D6F1CC1E-AF1B-40A4-A7F3-567C12BB01D5}.Release|Any CPU.Build.0 = Release|Any CPU
		{D6F1CC1E-AF1B-40A4-A7F3-567C12BB01D5}.Release|Mixed Platforms.ActiveCfg = Release|Any CPU
		{D6F1CC1E-AF1B-40A4-A7F3-567C12BB01D5}.Release|Mixed Platforms.Build.0 = Release|Any CPU
		{D6F1CC1E-AF1B-40A4-A7F3-567C12BB01D5}.Release|x86.ActiveCfg = Release|Any CPU
		{983889BB-D5E9-406C-B12A-D761AD8EFB17}.Debug|Any CPU.ActiveCfg = Debug|Any CPU
		{983889BB-D5E9-406C-B12A-D761AD8EFB17}.Debug|Any CPU.Build.0 = Debug|Any CPU
		{983889BB-D5E9-406C-B12A-D761AD8EFB17}.Debug|Mixed Platforms.ActiveCfg = Debug|Any CPU
		{983889BB-D5E9-406C-B12A-D761AD8EFB17}.Debug|Mixed Platforms.Build.0 = Debug|Any CPU
		{983889BB-D5E9-406C-B12A-D761AD8EFB17}.Debug|x86.ActiveCfg = Debug|Any CPU
		{983889BB-D5E9-406C-B12A-D761AD8EFB17}.Debug|x86.Build.0 = Debug|Any CPU
		{983889BB-D5E9-406C-B12A-D761AD8EFB17}.Package|Any CPU.ActiveCfg = Package|Any CPU
		{983889BB-D5E9-406C-B12A-D761AD8EFB17}.Package|Any CPU.Build.0 = Package|Any CPU
		{983889BB-D5E9-406C-B12A-D761AD8EFB17}.Package|Mixed Platforms.ActiveCfg = Package|Any CPU
		{983889BB-D5E9-406C-B12A-D761AD8EFB17}.Package|Mixed Platforms.Build.0 = Package|Any CPU
		{983889BB-D5E9-406C-B12A-D761AD8EFB17}.Package|x86.ActiveCfg = Package|Any CPU
		{983889BB-D5E9-406C-B12A-D761AD8EFB17}.Package|x86.Build.0 = Package|Any CPU
		{983889BB-D5E9-406C-B12A-D761AD8EFB17}.Release|Any CPU.ActiveCfg = Release|Any CPU
		{983889BB-D5E9-406C-B12A-D761AD8EFB17}.Release|Any CPU.Build.0 = Release|Any CPU
		{983889BB-D5E9-406C-B12A-D761AD8EFB17}.Release|Mixed Platforms.ActiveCfg = Release|Any CPU
		{983889BB-D5E9-406C-B12A-D761AD8EFB17}.Release|Mixed Platforms.Build.0 = Release|Any CPU
		{983889BB-D5E9-406C-B12A-D761AD8EFB17}.Release|x86.ActiveCfg = Release|Any CPU
		{16C4D34D-21E6-470A-A442-C11E87FCEAB7}.Debug|Any CPU.ActiveCfg = Debug|Any CPU
		{16C4D34D-21E6-470A-A442-C11E87FCEAB7}.Debug|Any CPU.Build.0 = Debug|Any CPU
		{16C4D34D-21E6-470A-A442-C11E87FCEAB7}.Debug|Mixed Platforms.ActiveCfg = Debug|Any CPU
		{16C4D34D-21E6-470A-A442-C11E87FCEAB7}.Debug|Mixed Platforms.Build.0 = Debug|Any CPU
		{16C4D34D-21E6-470A-A442-C11E87FCEAB7}.Debug|x86.ActiveCfg = Debug|Any CPU
		{16C4D34D-21E6-470A-A442-C11E87FCEAB7}.Debug|x86.Build.0 = Debug|Any CPU
		{16C4D34D-21E6-470A-A442-C11E87FCEAB7}.Package|Any CPU.ActiveCfg = Release|Any CPU
		{16C4D34D-21E6-470A-A442-C11E87FCEAB7}.Package|Any CPU.Build.0 = Release|Any CPU
		{16C4D34D-21E6-470A-A442-C11E87FCEAB7}.Package|Mixed Platforms.ActiveCfg = Release|Any CPU
		{16C4D34D-21E6-470A-A442-C11E87FCEAB7}.Package|Mixed Platforms.Build.0 = Release|Any CPU
		{16C4D34D-21E6-470A-A442-C11E87FCEAB7}.Package|x86.ActiveCfg = Release|Any CPU
		{16C4D34D-21E6-470A-A442-C11E87FCEAB7}.Package|x86.Build.0 = Release|Any CPU
		{16C4D34D-21E6-470A-A442-C11E87FCEAB7}.Release|Any CPU.ActiveCfg = Release|Any CPU
		{16C4D34D-21E6-470A-A442-C11E87FCEAB7}.Release|Any CPU.Build.0 = Release|Any CPU
		{16C4D34D-21E6-470A-A442-C11E87FCEAB7}.Release|Mixed Platforms.ActiveCfg = Release|Any CPU
		{16C4D34D-21E6-470A-A442-C11E87FCEAB7}.Release|Mixed Platforms.Build.0 = Release|Any CPU
		{16C4D34D-21E6-470A-A442-C11E87FCEAB7}.Release|x86.ActiveCfg = Release|Any CPU
		{16C4D34D-21E6-470A-A442-C11E87FCEAB7}.Release|x86.Build.0 = Release|Any CPU
		{682CD129-204F-47F9-8EA4-472BB517DAEC}.Debug|Any CPU.ActiveCfg = Debug|Any CPU
		{682CD129-204F-47F9-8EA4-472BB517DAEC}.Debug|Any CPU.Build.0 = Debug|Any CPU
		{682CD129-204F-47F9-8EA4-472BB517DAEC}.Debug|Mixed Platforms.ActiveCfg = Debug|Any CPU
		{682CD129-204F-47F9-8EA4-472BB517DAEC}.Debug|Mixed Platforms.Build.0 = Debug|Any CPU
		{682CD129-204F-47F9-8EA4-472BB517DAEC}.Debug|x86.ActiveCfg = Debug|Any CPU
		{682CD129-204F-47F9-8EA4-472BB517DAEC}.Debug|x86.Build.0 = Debug|Any CPU
		{682CD129-204F-47F9-8EA4-472BB517DAEC}.Package|Any CPU.ActiveCfg = Release|Any CPU
		{682CD129-204F-47F9-8EA4-472BB517DAEC}.Package|Any CPU.Build.0 = Release|Any CPU
		{682CD129-204F-47F9-8EA4-472BB517DAEC}.Package|Mixed Platforms.ActiveCfg = Release|Any CPU
		{682CD129-204F-47F9-8EA4-472BB517DAEC}.Package|Mixed Platforms.Build.0 = Release|Any CPU
		{682CD129-204F-47F9-8EA4-472BB517DAEC}.Package|x86.ActiveCfg = Release|Any CPU
		{682CD129-204F-47F9-8EA4-472BB517DAEC}.Package|x86.Build.0 = Release|Any CPU
		{682CD129-204F-47F9-8EA4-472BB517DAEC}.Release|Any CPU.ActiveCfg = Release|Any CPU
		{682CD129-204F-47F9-8EA4-472BB517DAEC}.Release|Any CPU.Build.0 = Release|Any CPU
		{682CD129-204F-47F9-8EA4-472BB517DAEC}.Release|Mixed Platforms.ActiveCfg = Release|Any CPU
		{682CD129-204F-47F9-8EA4-472BB517DAEC}.Release|Mixed Platforms.Build.0 = Release|Any CPU
		{682CD129-204F-47F9-8EA4-472BB517DAEC}.Release|x86.ActiveCfg = Release|Any CPU
		{682CD129-204F-47F9-8EA4-472BB517DAEC}.Release|x86.Build.0 = Release|Any CPU
	EndGlobalSection
	GlobalSection(SolutionProperties) = preSolution
		HideSolutionNode = FALSE
	EndGlobalSection
	GlobalSection(NestedProjects) = preSolution
		{9173EE3E-C13B-405D-A330-14FC6FD682F8} = {48D462AF-3733-48A9-B782-F914F866B212}
		{93B8D648-98D6-426E-A87C-BDDB5A9E0EA7} = {48D462AF-3733-48A9-B782-F914F866B212}
	EndGlobalSection
	GlobalSection(ExtensibilityGlobals) = postSolution
		SolutionGuid = {92F89C30-8619-4498-B232-659DF4F4573C}
	EndGlobalSection
EndGlobal
